
Microsoft Visual Studio Solution File, Format Version 12.00
# Visual Studio Version 17
VisualStudioVersion = 17.10.35013.160
MinimumVisualStudioVersion = 10.0.40219.1
Project("{FAE04EC0-301F-11D3-BF4B-00C04F79EFBC}") = "task-27.06.2024", "task-27.06.2024\task-27.06.2024.csproj", "{D54EC2FA-70F5-4807-B620-74835DFBFE5B}"
EndProject
Global
	GlobalSection(SolutionConfigurationPlatforms) = preSolution
		Debug|Any CPU = Debug|Any CPU
		Release|Any CPU = Release|Any CPU
	EndGlobalSection
	GlobalSection(ProjectConfigurationPlatforms) = postSolution
		{D54EC2FA-70F5-4807-B620-74835DFBFE5B}.Debug|Any CPU.ActiveCfg = Debug|Any CPU
		{D54EC2FA-70F5-4807-B620-74835DFBFE5B}.Debug|Any CPU.Build.0 = Debug|Any CPU
		{D54EC2FA-70F5-4807-B620-74835DFBFE5B}.Release|Any CPU.ActiveCfg = Release|Any CPU
		{D54EC2FA-70F5-4807-B620-74835DFBFE5B}.Release|Any CPU.Build.0 = Release|Any CPU
	EndGlobalSection
	GlobalSection(SolutionProperties) = preSolution
		HideSolutionNode = FALSE
	EndGlobalSection
	GlobalSection(ExtensibilityGlobals) = postSolution
		SolutionGuid = {DBAEBA25-58E6-4E5C-AF13-BD06F811E247}
	EndGlobalSection
EndGlobal
