
Microsoft Visual Studio Solution File, Format Version 12.00
# Visual Studio Version 17
VisualStudioVersion = 17.10.35013.160
MinimumVisualStudioVersion = 10.0.40219.1
Project("{FAE04EC0-301F-11D3-BF4B-00C04F79EFBC}") = "topics 3-7", "topics 3-7\topics 3-7.csproj", "{717C2197-33DC-43E2-B99E-84176629FA91}"
EndProject
Global
	GlobalSection(SolutionConfigurationPlatforms) = preSolution
		Debug|Any CPU = Debug|Any CPU
		Release|Any CPU = Release|Any CPU
	EndGlobalSection
	GlobalSection(ProjectConfigurationPlatforms) = postSolution
		{717C2197-33DC-43E2-B99E-84176629FA91}.Debug|Any CPU.ActiveCfg = Debug|Any CPU
		{717C2197-33DC-43E2-B99E-84176629FA91}.Debug|Any CPU.Build.0 = Debug|Any CPU
		{717C2197-33DC-43E2-B99E-84176629FA91}.Release|Any CPU.ActiveCfg = Release|Any CPU
		{717C2197-33DC-43E2-B99E-84176629FA91}.Release|Any CPU.Build.0 = Release|Any CPU
	EndGlobalSection
	GlobalSection(SolutionProperties) = preSolution
		HideSolutionNode = FALSE
	EndGlobalSection
	GlobalSection(ExtensibilityGlobals) = postSolution
		SolutionGuid = {E22574BC-7184-47A1-AA1F-0E86CA42B03E}
	EndGlobalSection
EndGlobal
