
Microsoft Visual Studio Solution File, Format Version 12.00
# Visual Studio Version 17
VisualStudioVersion = 17.10.35013.160
MinimumVisualStudioVersion = 10.0.40219.1
Project("{FAE04EC0-301F-11D3-BF4B-00C04F79EFBC}") = "task-25-6", "task-25-6\task-25-6.csproj", "{466CD32A-2B92-45AC-9DBE-9CE823A361C9}"
EndProject
Global
	GlobalSection(SolutionConfigurationPlatforms) = preSolution
		Debug|Any CPU = Debug|Any CPU
		Release|Any CPU = Release|Any CPU
	EndGlobalSection
	GlobalSection(ProjectConfigurationPlatforms) = postSolution
		{466CD32A-2B92-45AC-9DBE-9CE823A361C9}.Debug|Any CPU.ActiveCfg = Debug|Any CPU
		{466CD32A-2B92-45AC-9DBE-9CE823A361C9}.Debug|Any CPU.Build.0 = Debug|Any CPU
		{466CD32A-2B92-45AC-9DBE-9CE823A361C9}.Release|Any CPU.ActiveCfg = Release|Any CPU
		{466CD32A-2B92-45AC-9DBE-9CE823A361C9}.Release|Any CPU.Build.0 = Release|Any CPU
	EndGlobalSection
	GlobalSection(SolutionProperties) = preSolution
		HideSolutionNode = FALSE
	EndGlobalSection
	GlobalSection(ExtensibilityGlobals) = postSolution
		SolutionGuid = {2D469159-9457-4D25-A343-3F52B7FCA737}
	EndGlobalSection
EndGlobal
